// !$*UTF8*$!
{
	archiveVersion = 1;
	classes = {
	};
	objectVersion = 46;
	objects = {

/* Begin PBXGroup section */
		E45A6F741A2FB8BB004E12F6 = {
			isa = PBXGroup;
			children = (
			);
			sourceTree = "<group>";
		};
/* End PBXGroup section */

/* Begin PBXProject section */
		E45A6F751A2FB8BB004E12F6 /* Project object */ = {
			isa = PBXProject;
			attributes = {
				LastUpgradeCheck = 0610;
			};
			buildConfigurationList = E45A6F781A2FB8BB004E12F6 /* Build configuration list for PBXProject "Bioinformatics" */;
			compatibilityVersion = "Xcode 3.2";
			developmentRegion = English;
			hasScannedForEncodings = 0;
			knownRegions = (
				en,
			);
			mainGroup = E45A6F741A2FB8BB004E12F6;
			projectDirPath = "";
			projectRoot = "";
			targets = (
			);
		};
/* End PBXProject section */

/* Begin XCBuildConfiguration section */
		E45A6F791A2FB8BB004E12F6 /* Debug */ = {
			isa = XCBuildConfiguration;
			buildSettings = {
			};
			name = Debug;
		};
		E45A6F7A1A2FB8BB004E12F6 /* Release */ = {
			isa = XCBuildConfiguration;
			buildSettings = {
			};
			name = Release;
		};
/* End XCBuildConfiguration section */

/* Begin XCConfigurationList section */
		E45A6F781A2FB8BB004E12F6 /* Build configuration list for PBXProject "Bioinformatics" */ = {
			isa = XCConfigurationList;
			buildConfigurations = (
				E45A6F791A2FB8BB004E12F6 /* Debug */,
				E45A6F7A1A2FB8BB004E12F6 /* Release */,
			);
			defaultConfigurationIsVisible = 0;
			defaultConfigurationName = Release;
		};
/* End XCConfigurationList section */
	};
	rootObject = E45A6F751A2FB8BB004E12F6 /* Project object */;
}
